
Microsoft Visual Studio Solution File, Format Version 12.00
# Visual Studio Version 16
VisualStudioVersion = 16.0.30114.105
MinimumVisualStudioVersion = 10.0.40219.1
Project("{FAE04EC0-301F-11D3-BF4B-00C04F79EFBC}") = "PI.AmpliFund.Api", "PI.AmpliFund.Api\PI.AmpliFund.Api.csproj", "{FC66897C-5736-442E-9F46-223FB25147A9}"
EndProject
Project("{FAE04EC0-301F-11D3-BF4B-00C04F79EFBC}") = "PI.AmpliFund.Tests", "PI.AmpliFund.Tests\PI.AmpliFund.Tests.csproj", "{333FF452-5C19-4019-96B0-F3FE512A270C}"
EndProject
Project("{FAE04EC0-301F-11D3-BF4B-00C04F79EFBC}") = "PI.AmpliFund.Business", "PI.AmpliFund.Business\PI.AmpliFund.Business.csproj", "{680AC513-FDEE-4451-901D-93F0FB1F9C08}"
EndProject
Project("{FAE04EC0-301F-11D3-BF4B-00C04F79EFBC}") = "PI.AmpliFund.Data", "PI.AmpliFund.Data\PI.AmpliFund.Data.csproj", "{5249A713-82BC-4306-8726-F32CDD5256A2}"
EndProject
Global
	GlobalSection(SolutionConfigurationPlatforms) = preSolution
		Debug|Any CPU = Debug|Any CPU
		Release|Any CPU = Release|Any CPU
	EndGlobalSection
	GlobalSection(SolutionProperties) = preSolution
		HideSolutionNode = FALSE
	EndGlobalSection
	GlobalSection(ProjectConfigurationPlatforms) = postSolution
		{FC66897C-5736-442E-9F46-223FB25147A9}.Debug|Any CPU.ActiveCfg = Debug|Any CPU
		{FC66897C-5736-442E-9F46-223FB25147A9}.Debug|Any CPU.Build.0 = Debug|Any CPU
		{FC66897C-5736-442E-9F46-223FB25147A9}.Release|Any CPU.ActiveCfg = Release|Any CPU
		{FC66897C-5736-442E-9F46-223FB25147A9}.Release|Any CPU.Build.0 = Release|Any CPU
		{333FF452-5C19-4019-96B0-F3FE512A270C}.Debug|Any CPU.ActiveCfg = Debug|Any CPU
		{333FF452-5C19-4019-96B0-F3FE512A270C}.Debug|Any CPU.Build.0 = Debug|Any CPU
		{333FF452-5C19-4019-96B0-F3FE512A270C}.Release|Any CPU.ActiveCfg = Release|Any CPU
		{333FF452-5C19-4019-96B0-F3FE512A270C}.Release|Any CPU.Build.0 = Release|Any CPU
		{680AC513-FDEE-4451-901D-93F0FB1F9C08}.Debug|Any CPU.ActiveCfg = Debug|Any CPU
		{680AC513-FDEE-4451-901D-93F0FB1F9C08}.Debug|Any CPU.Build.0 = Debug|Any CPU
		{680AC513-FDEE-4451-901D-93F0FB1F9C08}.Release|Any CPU.ActiveCfg = Release|Any CPU
		{680AC513-FDEE-4451-901D-93F0FB1F9C08}.Release|Any CPU.Build.0 = Release|Any CPU
		{5249A713-82BC-4306-8726-F32CDD5256A2}.Debug|Any CPU.ActiveCfg = Debug|Any CPU
		{5249A713-82BC-4306-8726-F32CDD5256A2}.Debug|Any CPU.Build.0 = Debug|Any CPU
		{5249A713-82BC-4306-8726-F32CDD5256A2}.Release|Any CPU.ActiveCfg = Release|Any CPU
		{5249A713-82BC-4306-8726-F32CDD5256A2}.Release|Any CPU.Build.0 = Release|Any CPU
	EndGlobalSection
EndGlobal
